// !$*UTF8*$!
{
	archiveVersion = 1;
	classes = {
	};
	objectVersion = 46;
	objects = {

/* Begin PBXBuildFile section */
		8459D7801DAA53C000E842FD /* AppDelegate.swift in Sources */ = {isa = PBXBuildFile; fileRef = 8459D77F1DAA53C000E842FD /* AppDelegate.swift */; };
		8459D7821DAA53C000E842FD /* ViewController.swift in Sources */ = {isa = PBXBuildFile; fileRef = 8459D7811DAA53C000E842FD /* ViewController.swift */; };
		8459D7851DAA53C000E842FD /* Main.storyboard in Resources */ = {isa = PBXBuildFile; fileRef = 8459D7831DAA53C000E842FD /* Main.storyboard */; };
		8459D7871DAA53C000E842FD /* Assets.xcassets in Resources */ = {isa = PBXBuildFile; fileRef = 8459D7861DAA53C000E842FD /* Assets.xcassets */; };
		8459D78A1DAA53C000E842FD /* LaunchScreen.storyboard in Resources */ = {isa = PBXBuildFile; fileRef = 8459D7881DAA53C000E842FD /* LaunchScreen.storyboard */; };
		8459D7951DAA53C000E842FD /* RkLoginDemoTests.swift in Sources */ = {isa = PBXBuildFile; fileRef = 8459D7941DAA53C000E842FD /* RkLoginDemoTests.swift */; };
		8459D7A01DAA53C000E842FD /* RkLoginDemoUITests.swift in Sources */ = {isa = PBXBuildFile; fileRef = 8459D79F1DAA53C000E842FD /* RkLoginDemoUITests.swift */; };
		8459D7AE1DAA5A1100E842FD /* HomeViewController.swift in Sources */ = {isa = PBXBuildFile; fileRef = 8459D7AD1DAA5A1100E842FD /* HomeViewController.swift */; };
		8459D7B01DAA5A8E00E842FD /* ContainerViewController.swift in Sources */ = {isa = PBXBuildFile; fileRef = 8459D7AF1DAA5A8E00E842FD /* ContainerViewController.swift */; };
		8459D7B21DAA6D1000E842FD /* HumOSBaseViewController.swift in Sources */ = {isa = PBXBuildFile; fileRef = 8459D7B11DAA6D1000E842FD /* HumOSBaseViewController.swift */; };
		8459D7B41DAA757B00E842FD /* LoginViewController.swift in Sources */ = {isa = PBXBuildFile; fileRef = 8459D7B31DAA757B00E842FD /* LoginViewController.swift */; };
/* End PBXBuildFile section */

/* Begin PBXContainerItemProxy section */
		8459D7911DAA53C000E842FD /* PBXContainerItemProxy */ = {
			isa = PBXContainerItemProxy;
			containerPortal = 8459D7741DAA53C000E842FD /* Project object */;
			proxyType = 1;
			remoteGlobalIDString = 8459D77B1DAA53C000E842FD;
			remoteInfo = RkLoginDemo;
		};
		8459D79C1DAA53C000E842FD /* PBXContainerItemProxy */ = {
			isa = PBXContainerItemProxy;
			containerPortal = 8459D7741DAA53C000E842FD /* Project object */;
			proxyType = 1;
			remoteGlobalIDString = 8459D77B1DAA53C000E842FD;
			remoteInfo = RkLoginDemo;
		};
/* End PBXContainerItemProxy section */

/* Begin PBXFileReference section */
		8459D77C1DAA53C000E842FD /* RkLoginDemo.app */ = {isa = PBXFileReference; explicitFileType = wrapper.application; includeInIndex = 0; path = RkLoginDemo.app; sourceTree = BUILT_PRODUCTS_DIR; };
		8459D77F1DAA53C000E842FD /* AppDelegate.swift */ = {isa = PBXFileReference; lastKnownFileType = sourcecode.swift; path = AppDelegate.swift; sourceTree = "<group>"; };
		8459D7811DAA53C000E842FD /* ViewController.swift */ = {isa = PBXFileReference; lastKnownFileType = sourcecode.swift; path = ViewController.swift; sourceTree = "<group>"; };
		8459D7841DAA53C000E842FD /* Base */ = {isa = PBXFileReference; lastKnownFileType = file.storyboard; name = Base; path = Base.lproj/Main.storyboard; sourceTree = "<group>"; };
		8459D7861DAA53C000E842FD /* Assets.xcassets */ = {isa = PBXFileReference; lastKnownFileType = folder.assetcatalog; path = Assets.xcassets; sourceTree = "<group>"; };
		8459D7891DAA53C000E842FD /* Base */ = {isa = PBXFileReference; lastKnownFileType = file.storyboard; name = Base; path = Base.lproj/LaunchScreen.storyboard; sourceTree = "<group>"; };
		8459D78B1DAA53C000E842FD /* Info.plist */ = {isa = PBXFileReference; lastKnownFileType = text.plist.xml; path = Info.plist; sourceTree = "<group>"; };
		8459D7901DAA53C000E842FD /* RkLoginDemoTests.xctest */ = {isa = PBXFileReference; explicitFileType = wrapper.cfbundle; includeInIndex = 0; path = RkLoginDemoTests.xctest; sourceTree = BUILT_PRODUCTS_DIR; };
		8459D7941DAA53C000E842FD /* RkLoginDemoTests.swift */ = {isa = PBXFileReference; lastKnownFileType = sourcecode.swift; path = RkLoginDemoTests.swift; sourceTree = "<group>"; };
		8459D7961DAA53C000E842FD /* Info.plist */ = {isa = PBXFileReference; lastKnownFileType = text.plist.xml; path = Info.plist; sourceTree = "<group>"; };
		8459D79B1DAA53C000E842FD /* RkLoginDemoUITests.xctest */ = {isa = PBXFileReference; explicitFileType = wrapper.cfbundle; includeInIndex = 0; path = RkLoginDemoUITests.xctest; sourceTree = BUILT_PRODUCTS_DIR; };
		8459D79F1DAA53C000E842FD /* RkLoginDemoUITests.swift */ = {isa = PBXFileReference; lastKnownFileType = sourcecode.swift; path = RkLoginDemoUITests.swift; sourceTree = "<group>"; };
		8459D7A11DAA53C000E842FD /* Info.plist */ = {isa = PBXFileReference; lastKnownFileType = text.plist.xml; path = Info.plist; sourceTree = "<group>"; };
		8459D7AD1DAA5A1100E842FD /* HomeViewController.swift */ = {isa = PBXFileReference; fileEncoding = 4; lastKnownFileType = sourcecode.swift; path = HomeViewController.swift; sourceTree = "<group>"; };
		8459D7AF1DAA5A8E00E842FD /* ContainerViewController.swift */ = {isa = PBXFileReference; fileEncoding = 4; lastKnownFileType = sourcecode.swift; path = ContainerViewController.swift; sourceTree = "<group>"; };
		8459D7B11DAA6D1000E842FD /* HumOSBaseViewController.swift */ = {isa = PBXFileReference; fileEncoding = 4; lastKnownFileType = sourcecode.swift; path = HumOSBaseViewController.swift; sourceTree = "<group>"; };
		8459D7B31DAA757B00E842FD /* LoginViewController.swift */ = {isa = PBXFileReference; fileEncoding = 4; lastKnownFileType = sourcecode.swift; path = LoginViewController.swift; sourceTree = "<group>"; };
/* End PBXFileReference section */

/* Begin PBXFrameworksBuildPhase section */
		8459D7791DAA53C000E842FD /* Frameworks */ = {
			isa = PBXFrameworksBuildPhase;
			buildActionMask = 2147483647;
			files = (
			);
			runOnlyForDeploymentPostprocessing = 0;
		};
		8459D78D1DAA53C000E842FD /* Frameworks */ = {
			isa = PBXFrameworksBuildPhase;
			buildActionMask = 2147483647;
			files = (
			);
			runOnlyForDeploymentPostprocessing = 0;
		};
		8459D7981DAA53C000E842FD /* Frameworks */ = {
			isa = PBXFrameworksBuildPhase;
			buildActionMask = 2147483647;
			files = (
			);
			runOnlyForDeploymentPostprocessing = 0;
		};
/* End PBXFrameworksBuildPhase section */

/* Begin PBXGroup section */
		8459D7731DAA53C000E842FD = {
			isa = PBXGroup;
			children = (
				8459D77E1DAA53C000E842FD /* RkLoginDemo */,
				8459D7931DAA53C000E842FD /* RkLoginDemoTests */,
				8459D79E1DAA53C000E842FD /* RkLoginDemoUITests */,
				8459D77D1DAA53C000E842FD /* Products */,
			);
			sourceTree = "<group>";
		};
		8459D77D1DAA53C000E842FD /* Products */ = {
			isa = PBXGroup;
			children = (
				8459D77C1DAA53C000E842FD /* RkLoginDemo.app */,
				8459D7901DAA53C000E842FD /* RkLoginDemoTests.xctest */,
				8459D79B1DAA53C000E842FD /* RkLoginDemoUITests.xctest */,
			);
			name = Products;
			sourceTree = "<group>";
		};
		8459D77E1DAA53C000E842FD /* RkLoginDemo */ = {
			isa = PBXGroup;
			children = (
				8459D77F1DAA53C000E842FD /* AppDelegate.swift */,
				8459D7811DAA53C000E842FD /* ViewController.swift */,
				8459D7B11DAA6D1000E842FD /* HumOSBaseViewController.swift */,
				8459D7AF1DAA5A8E00E842FD /* ContainerViewController.swift */,
				8459D7AD1DAA5A1100E842FD /* HomeViewController.swift */,
				8459D7B31DAA757B00E842FD /* LoginViewController.swift */,
				8459D7831DAA53C000E842FD /* Main.storyboard */,
				8459D7861DAA53C000E842FD /* Assets.xcassets */,
				8459D7881DAA53C000E842FD /* LaunchScreen.storyboard */,
				8459D78B1DAA53C000E842FD /* Info.plist */,
			);
			path = RkLoginDemo;
			sourceTree = "<group>";
		};
		8459D7931DAA53C000E842FD /* RkLoginDemoTests */ = {
			isa = PBXGroup;
			children = (
				8459D7941DAA53C000E842FD /* RkLoginDemoTests.swift */,
				8459D7961DAA53C000E842FD /* Info.plist */,
			);
			path = RkLoginDemoTests;
			sourceTree = "<group>";
		};
		8459D79E1DAA53C000E842FD /* RkLoginDemoUITests */ = {
			isa = PBXGroup;
			children = (
				8459D79F1DAA53C000E842FD /* RkLoginDemoUITests.swift */,
				8459D7A11DAA53C000E842FD /* Info.plist */,
			);
			path = RkLoginDemoUITests;
			sourceTree = "<group>";
		};
/* End PBXGroup section */

/* Begin PBXNativeTarget section */
		8459D77B1DAA53C000E842FD /* RkLoginDemo */ = {
			isa = PBXNativeTarget;
			buildConfigurationList = 8459D7A41DAA53C000E842FD /* Build configuration list for PBXNativeTarget "RkLoginDemo" */;
			buildPhases = (
				8459D7781DAA53C000E842FD /* Sources */,
				8459D7791DAA53C000E842FD /* Frameworks */,
				8459D77A1DAA53C000E842FD /* Resources */,
			);
			buildRules = (
			);
			dependencies = (
			);
			name = RkLoginDemo;
			productName = RkLoginDemo;
			productReference = 8459D77C1DAA53C000E842FD /* RkLoginDemo.app */;
			productType = "com.apple.product-type.application";
		};
		8459D78F1DAA53C000E842FD /* RkLoginDemoTests */ = {
			isa = PBXNativeTarget;
			buildConfigurationList = 8459D7A71DAA53C000E842FD /* Build configuration list for PBXNativeTarget "RkLoginDemoTests" */;
			buildPhases = (
				8459D78C1DAA53C000E842FD /* Sources */,
				8459D78D1DAA53C000E842FD /* Frameworks */,
				8459D78E1DAA53C000E842FD /* Resources */,
			);
			buildRules = (
			);
			dependencies = (
				8459D7921DAA53C000E842FD /* PBXTargetDependency */,
			);
			name = RkLoginDemoTests;
			productName = RkLoginDemoTests;
			productReference = 8459D7901DAA53C000E842FD /* RkLoginDemoTests.xctest */;
			productType = "com.apple.product-type.bundle.unit-test";
		};
		8459D79A1DAA53C000E842FD /* RkLoginDemoUITests */ = {
			isa = PBXNativeTarget;
			buildConfigurationList = 8459D7AA1DAA53C000E842FD /* Build configuration list for PBXNativeTarget "RkLoginDemoUITests" */;
			buildPhases = (
				8459D7971DAA53C000E842FD /* Sources */,
				8459D7981DAA53C000E842FD /* Frameworks */,
				8459D7991DAA53C000E842FD /* Resources */,
			);
			buildRules = (
			);
			dependencies = (
				8459D79D1DAA53C000E842FD /* PBXTargetDependency */,
			);
			name = RkLoginDemoUITests;
			productName = RkLoginDemoUITests;
			productReference = 8459D79B1DAA53C000E842FD /* RkLoginDemoUITests.xctest */;
			productType = "com.apple.product-type.bundle.ui-testing";
		};
/* End PBXNativeTarget section */

/* Begin PBXProject section */
		8459D7741DAA53C000E842FD /* Project object */ = {
			isa = PBXProject;
			attributes = {
				LastSwiftUpdateCheck = 0800;
				LastUpgradeCheck = 0800;
				ORGANIZATIONNAME = Ravi;
				TargetAttributes = {
					8459D77B1DAA53C000E842FD = {
						CreatedOnToolsVersion = 8.0;
						ProvisioningStyle = Automatic;
					};
					8459D78F1DAA53C000E842FD = {
						CreatedOnToolsVersion = 8.0;
						ProvisioningStyle = Automatic;
						TestTargetID = 8459D77B1DAA53C000E842FD;
					};
					8459D79A1DAA53C000E842FD = {
						CreatedOnToolsVersion = 8.0;
						ProvisioningStyle = Automatic;
						TestTargetID = 8459D77B1DAA53C000E842FD;
					};
				};
			};
			buildConfigurationList = 8459D7771DAA53C000E842FD /* Build configuration list for PBXProject "RkLoginDemo" */;
			compatibilityVersion = "Xcode 3.2";
			developmentRegion = English;
			hasScannedForEncodings = 0;
			knownRegions = (
				en,
				Base,
			);
			mainGroup = 8459D7731DAA53C000E842FD;
			productRefGroup = 8459D77D1DAA53C000E842FD /* Products */;
			projectDirPath = "";
			projectRoot = "";
			targets = (
				8459D77B1DAA53C000E842FD /* RkLoginDemo */,
				8459D78F1DAA53C000E842FD /* RkLoginDemoTests */,
				8459D79A1DAA53C000E842FD /* RkLoginDemoUITests */,
			);
		};
/* End PBXProject section */

/* Begin PBXResourcesBuildPhase section */
		8459D77A1DAA53C000E842FD /* Resources */ = {
			isa = PBXResourcesBuildPhase;
			buildActionMask = 2147483647;
			files = (
				8459D78A1DAA53C000E842FD /* LaunchScreen.storyboard in Resources */,
				8459D7871DAA53C000E842FD /* Assets.xcassets in Resources */,
				8459D7851DAA53C000E842FD /* Main.storyboard in Resources */,
			);
			runOnlyForDeploymentPostprocessing = 0;
		};
		8459D78E1DAA53C000E842FD /* Resources */ = {
			isa = PBXResourcesBuildPhase;
			buildActionMask = 2147483647;
			files = (
			);
			runOnlyForDeploymentPostprocessing = 0;
		};
		8459D7991DAA53C000E842FD /* Resources */ = {
			isa = PBXResourcesBuildPhase;
			buildActionMask = 2147483647;
			files = (
			);
			runOnlyForDeploymentPostprocessing = 0;
		};
/* End PBXResourcesBuildPhase section */

/* Begin PBXSourcesBuildPhase section */
		8459D7781DAA53C000E842FD /* Sources */ = {
			isa = PBXSourcesBuildPhase;
			buildActionMask = 2147483647;
			files = (
				8459D7B41DAA757B00E842FD /* LoginViewController.swift in Sources */,
				8459D7B21DAA6D1000E842FD /* HumOSBaseViewController.swift in Sources */,
				8459D7821DAA53C000E842FD /* ViewController.swift in Sources */,
				8459D7801DAA53C000E842FD /* AppDelegate.swift in Sources */,
				8459D7B01DAA5A8E00E842FD /* ContainerViewController.swift in Sources */,
				8459D7AE1DAA5A1100E842FD /* HomeViewController.swift in Sources */,
			);
			runOnlyForDeploymentPostprocessing = 0;
		};
		8459D78C1DAA53C000E842FD /* Sources */ = {
			isa = PBXSourcesBuildPhase;
			buildActionMask = 2147483647;
			files = (
				8459D7951DAA53C000E842FD /* RkLoginDemoTests.swift in Sources */,
			);
			runOnlyForDeploymentPostprocessing = 0;
		};
		8459D7971DAA53C000E842FD /* Sources */ = {
			isa = PBXSourcesBuildPhase;
			buildActionMask = 2147483647;
			files = (
				8459D7A01DAA53C000E842FD /* RkLoginDemoUITests.swift in Sources */,
			);
			runOnlyForDeploymentPostprocessing = 0;
		};
/* End PBXSourcesBuildPhase section */

/* Begin PBXTargetDependency section */
		8459D7921DAA53C000E842FD /* PBXTargetDependency */ = {
			isa = PBXTargetDependency;
			target = 8459D77B1DAA53C000E842FD /* RkLoginDemo */;
			targetProxy = 8459D7911DAA53C000E842FD /* PBXContainerItemProxy */;
		};
		8459D79D1DAA53C000E842FD /* PBXTargetDependency */ = {
			isa = PBXTargetDependency;
			target = 8459D77B1DAA53C000E842FD /* RkLoginDemo */;
			targetProxy = 8459D79C1DAA53C000E842FD /* PBXContainerItemProxy */;
		};
/* End PBXTargetDependency section */

/* Begin PBXVariantGroup section */
		8459D7831DAA53C000E842FD /* Main.storyboard */ = {
			isa = PBXVariantGroup;
			children = (
				8459D7841DAA53C000E842FD /* Base */,
			);
			name = Main.storyboard;
			sourceTree = "<group>";
		};
		8459D7881DAA53C000E842FD /* LaunchScreen.storyboard */ = {
			isa = PBXVariantGroup;
			children = (
				8459D7891DAA53C000E842FD /* Base */,
			);
			name = LaunchScreen.storyboard;
			sourceTree = "<group>";
		};
/* End PBXVariantGroup section */

/* Begin XCBuildConfiguration section */
		8459D7A21DAA53C000E842FD /* Debug */ = {
			isa = XCBuildConfiguration;
			buildSettings = {
				ALWAYS_SEARCH_USER_PATHS = NO;
				CLANG_ANALYZER_NONNULL = YES;
				CLANG_CXX_LANGUAGE_STANDARD = "gnu++0x";
				CLANG_CXX_LIBRARY = "libc++";
				CLANG_ENABLE_MODULES = YES;
				CLANG_ENABLE_OBJC_ARC = YES;
				CLANG_WARN_BOOL_CONVERSION = YES;
				CLANG_WARN_CONSTANT_CONVERSION = YES;
				CLANG_WARN_DIRECT_OBJC_ISA_USAGE = YES_ERROR;
				CLANG_WARN_DOCUMENTATION_COMMENTS = YES;
				CLANG_WARN_EMPTY_BODY = YES;
				CLANG_WARN_ENUM_CONVERSION = YES;
				CLANG_WARN_INFINITE_RECURSION = YES;
				CLANG_WARN_INT_CONVERSION = YES;
				CLANG_WARN_OBJC_ROOT_CLASS = YES_ERROR;
				CLANG_WARN_SUSPICIOUS_MOVES = YES;
				CLANG_WARN_UNREACHABLE_CODE = YES;
				CLANG_WARN__DUPLICATE_METHOD_MATCH = YES;
				"CODE_SIGN_IDENTITY[sdk=iphoneos*]" = "iPhone Developer";
				COPY_PHASE_STRIP = NO;
				DEBUG_INFORMATION_FORMAT = dwarf;
				ENABLE_STRICT_OBJC_MSGSEND = YES;
				ENABLE_TESTABILITY = YES;
				GCC_C_LANGUAGE_STANDARD = gnu99;
				GCC_DYNAMIC_NO_PIC = NO;
				GCC_NO_COMMON_BLOCKS = YES;
				GCC_OPTIMIZATION_LEVEL = 0;
				GCC_PREPROCESSOR_DEFINITIONS = (
					"DEBUG=1",
					"$(inherited)",
				);
				GCC_WARN_64_TO_32_BIT_CONVERSION = YES;
				GCC_WARN_ABOUT_RETURN_TYPE = YES_ERROR;
				GCC_WARN_UNDECLARED_SELECTOR = YES;
				GCC_WARN_UNINITIALIZED_AUTOS = YES_AGGRESSIVE;
				GCC_WARN_UNUSED_FUNCTION = YES;
				GCC_WARN_UNUSED_VARIABLE = YES;
				IPHONEOS_DEPLOYMENT_TARGET = 10.0;
				MTL_ENABLE_DEBUG_INFO = YES;
				ONLY_ACTIVE_ARCH = YES;
				SDKROOT = iphoneos;
				SWIFT_ACTIVE_COMPILATION_CONDITIONS = DEBUG;
				SWIFT_OPTIMIZATION_LEVEL = "-Onone";
			};
			name = Debug;
		};
		8459D7A31DAA53C000E842FD /* Release */ = {
			isa = XCBuildConfiguration;
			buildSettings = {
				ALWAYS_SEARCH_USER_PATHS = NO;
				CLANG_ANALYZER_NONNULL = YES;
				CLANG_CXX_LANGUAGE_STANDARD = "gnu++0x";
				CLANG_CXX_LIBRARY = "libc++";
				CLANG_ENABLE_MODULES = YES;
				CLANG_ENABLE_OBJC_ARC = YES;
				CLANG_WARN_BOOL_CONVERSION = YES;
				CLANG_WARN_CONSTANT_CONVERSION = YES;
				CLANG_WARN_DIRECT_OBJC_ISA_USAGE = YES_ERROR;
				CLANG_WARN_DOCUMENTATION_COMMENTS = YES;
				CLANG_WARN_EMPTY_BODY = YES;
				CLANG_WARN_ENUM_CONVERSION = YES;
				CLANG_WARN_INFINITE_RECURSION = YES;
				CLANG_WARN_INT_CONVERSION = YES;
				CLANG_WARN_OBJC_ROOT_CLASS = YES_ERROR;
				CLANG_WARN_SUSPICIOUS_MOVES = YES;
				CLANG_WARN_UNREACHABLE_CODE = YES;
				CLANG_WARN__DUPLICATE_METHOD_MATCH = YES;
				"CODE_SIGN_IDENTITY[sdk=iphoneos*]" = "iPhone Developer";
				COPY_PHASE_STRIP = NO;
				DEBUG_INFORMATION_FORMAT = "dwarf-with-dsym";
				ENABLE_NS_ASSERTIONS = NO;
				ENABLE_STRICT_OBJC_MSGSEND = YES;
				GCC_C_LANGUAGE_STANDARD = gnu99;
				GCC_NO_COMMON_BLOCKS = YES;
				GCC_WARN_64_TO_32_BIT_CONVERSION = YES;
				GCC_WARN_ABOUT_RETURN_TYPE = YES_ERROR;
				GCC_WARN_UNDECLARED_SELECTOR = YES;
				GCC_WARN_UNINITIALIZED_AUTOS = YES_AGGRESSIVE;
				GCC_WARN_UNUSED_FUNCTION = YES;
				GCC_WARN_UNUSED_VARIABLE = YES;
				IPHONEOS_DEPLOYMENT_TARGET = 10.0;
				MTL_ENABLE_DEBUG_INFO = NO;
				SDKROOT = iphoneos;
				SWIFT_OPTIMIZATION_LEVEL = "-Owholemodule";
				VALIDATE_PRODUCT = YES;
			};
			name = Release;
		};
		8459D7A51DAA53C000E842FD /* Debug */ = {
			isa = XCBuildConfiguration;
			buildSettings = {
				ASSETCATALOG_COMPILER_APPICON_NAME = AppIcon;
				INFOPLIST_FILE = RkLoginDemo/Info.plist;
				LD_RUNPATH_SEARCH_PATHS = "$(inherited) @executable_path/Frameworks";
				PRODUCT_BUNDLE_IDENTIFIER = Rk.RkLoginDemo;
				PRODUCT_NAME = "$(TARGET_NAME)";
				SWIFT_VERSION = 3.0;
			};
			name = Debug;
		};
		8459D7A61DAA53C000E842FD /* Release */ = {
			isa = XCBuildConfiguration;
			buildSettings = {
				ASSETCATALOG_COMPILER_APPICON_NAME = AppIcon;
				INFOPLIST_FILE = RkLoginDemo/Info.plist;
				LD_RUNPATH_SEARCH_PATHS = "$(inherited) @executable_path/Frameworks";
				PRODUCT_BUNDLE_IDENTIFIER = Rk.RkLoginDemo;
				PRODUCT_NAME = "$(TARGET_NAME)";
				SWIFT_VERSION = 3.0;
			};
			name = Release;
		};
		8459D7A81DAA53C000E842FD /* Debug */ = {
			isa = XCBuildConfiguration;
			buildSettings = {
				ALWAYS_EMBED_SWIFT_STANDARD_LIBRARIES = YES;
				BUNDLE_LOADER = "$(TEST_HOST)";
				INFOPLIST_FILE = RkLoginDemoTests/Info.plist;
				LD_RUNPATH_SEARCH_PATHS = "$(inherited) @executable_path/Frameworks @loader_path/Frameworks";
				PRODUCT_BUNDLE_IDENTIFIER = Rk.RkLoginDemoTests;
				PRODUCT_NAME = "$(TARGET_NAME)";
				SWIFT_VERSION = 3.0;
				TEST_HOST = "$(BUILT_PRODUCTS_DIR)/RkLoginDemo.app/RkLoginDemo";
			};
			name = Debug;
		};
		8459D7A91DAA53C000E842FD /* Release */ = {
			isa = XCBuildConfiguration;
			buildSettings = {
				ALWAYS_EMBED_SWIFT_STANDARD_LIBRARIES = YES;
				BUNDLE_LOADER = "$(TEST_HOST)";
				INFOPLIST_FILE = RkLoginDemoTests/Info.plist;
				LD_RUNPATH_SEARCH_PATHS = "$(inherited) @executable_path/Frameworks @loader_path/Frameworks";
				PRODUCT_BUNDLE_IDENTIFIER = Rk.RkLoginDemoTests;
				PRODUCT_NAME = "$(TARGET_NAME)";
				SWIFT_VERSION = 3.0;
				TEST_HOST = "$(BUILT_PRODUCTS_DIR)/RkLoginDemo.app/RkLoginDemo";
			};
			name = Release;
		};
		8459D7AB1DAA53C000E842FD /* Debug */ = {
			isa = XCBuildConfiguration;
			buildSettings = {
				ALWAYS_EMBED_SWIFT_STANDARD_LIBRARIES = YES;
				INFOPLIST_FILE = RkLoginDemoUITests/Info.plist;
				LD_RUNPATH_SEARCH_PATHS = "$(inherited) @executable_path/Frameworks @loader_path/Frameworks";
				PRODUCT_BUNDLE_IDENTIFIER = Rk.RkLoginDemoUITests;
				PRODUCT_NAME = "$(TARGET_NAME)";
				SWIFT_VERSION = 3.0;
				TEST_TARGET_NAME = RkLoginDemo;
			};
			name = Debug;
		};
		8459D7AC1DAA53C000E842FD /* Release */ = {
			isa = XCBuildConfiguration;
			buildSettings = {
				ALWAYS_EMBED_SWIFT_STANDARD_LIBRARIES = YES;
				INFOPLIST_FILE = RkLoginDemoUITests/Info.plist;
				LD_RUNPATH_SEARCH_PATHS = "$(inherited) @executable_path/Frameworks @loader_path/Frameworks";
				PRODUCT_BUNDLE_IDENTIFIER = Rk.RkLoginDemoUITests;
				PRODUCT_NAME = "$(TARGET_NAME)";
				SWIFT_VERSION = 3.0;
				TEST_TARGET_NAME = RkLoginDemo;
			};
			name = Release;
		};
/* End XCBuildConfiguration section */

/* Begin XCConfigurationList section */
		8459D7771DAA53C000E842FD /* Build configuration list for PBXProject "RkLoginDemo" */ = {
			isa = XCConfigurationList;
			buildConfigurations = (
				8459D7A21DAA53C000E842FD /* Debug */,
				8459D7A31DAA53C000E842FD /* Release */,
			);
			defaultConfigurationIsVisible = 0;
			defaultConfigurationName = Release;
		};
		8459D7A41DAA53C000E842FD /* Build configuration list for PBXNativeTarget "RkLoginDemo" */ = {
			isa = XCConfigurationList;
			buildConfigurations = (
				8459D7A51DAA53C000E842FD /* Debug */,
				8459D7A61DAA53C000E842FD /* Release */,
			);
			defaultConfigurationIsVisible = 0;
		};
		8459D7A71DAA53C000E842FD /* Build configuration list for PBXNativeTarget "RkLoginDemoTests" */ = {
			isa = XCConfigurationList;
			buildConfigurations = (
				8459D7A81DAA53C000E842FD /* Debug */,
				8459D7A91DAA53C000E842FD /* Release */,
			);
			defaultConfigurationIsVisible = 0;
		};
		8459D7AA1DAA53C000E842FD /* Build configuration list for PBXNativeTarget "RkLoginDemoUITests" */ = {
			isa = XCConfigurationList;
			buildConfigurations = (
				8459D7AB1DAA53C000E842FD /* Debug */,
				8459D7AC1DAA53C000E842FD /* Release */,
			);
			defaultConfigurationIsVisible = 0;
		};
/* End XCConfigurationList section */
	};
	rootObject = 8459D7741DAA53C000E842FD /* Project object */;
}
